
Microsoft Visual Studio Solution File, Format Version 12.00
# Visual Studio 2017
Project("{FAE04EC0-301F-11D3-BF4B-00C04F79EFBC}") = "car_stop", "car_stop.csproj", "{2C0965AD-718E-1FCB-6BEB-AAD54AF2A5EA}"
EndProject
Global
	GlobalSection(SolutionConfigurationPlatforms) = preSolution
		Debug|Any CPU = Debug|Any CPU
		Release|Any CPU = Release|Any CPU
	EndGlobalSection
	GlobalSection(ProjectConfigurationPlatforms) = postSolution
		{2C0965AD-718E-1FCB-6BEB-AAD54AF2A5EA}.Debug|Any CPU.ActiveCfg = Debug|Any CPU
		{2C0965AD-718E-1FCB-6BEB-AAD54AF2A5EA}.Debug|Any CPU.Build.0 = Debug|Any CPU
		{2C0965AD-718E-1FCB-6BEB-AAD54AF2A5EA}.Release|Any CPU.ActiveCfg = Release|Any CPU
		{2C0965AD-718E-1FCB-6BEB-AAD54AF2A5EA}.Release|Any CPU.Build.0 = Release|Any CPU
	EndGlobalSection
	GlobalSection(SolutionProperties) = preSolution
		HideSolutionNode = FALSE
	EndGlobalSection
EndGlobal
